
Microsoft Visual Studio Solution File, Format Version 12.00
# Visual Studio Version 16
VisualStudioVersion = 16.0.30011.22
MinimumVisualStudioVersion = 10.0.40219.1
Project("{8BC9CEB8-8B4A-11D0-8D11-00A0C91BC942}") = "004_4-4_002_Maze", "004_4-4_002_Maze\004_4-4_002_Maze.vcxproj", "{01FE6190-542E-48C4-9F37-4FB3ABB3837D}"
EndProject
Global
	GlobalSection(SolutionConfigurationPlatforms) = preSolution
		Debug|x64 = Debug|x64
		Debug|x86 = Debug|x86
		Release|x64 = Release|x64
		Release|x86 = Release|x86
	EndGlobalSection
	GlobalSection(ProjectConfigurationPlatforms) = postSolution
		{01FE6190-542E-48C4-9F37-4FB3ABB3837D}.Debug|x64.ActiveCfg = Debug|x64
		{01FE6190-542E-48C4-9F37-4FB3ABB3837D}.Debug|x64.Build.0 = Debug|x64
		{01FE6190-542E-48C4-9F37-4FB3ABB3837D}.Debug|x86.ActiveCfg = Debug|Win32
		{01FE6190-542E-48C4-9F37-4FB3ABB3837D}.Debug|x86.Build.0 = Debug|Win32
		{01FE6190-542E-48C4-9F37-4FB3ABB3837D}.Release|x64.ActiveCfg = Release|x64
		{01FE6190-542E-48C4-9F37-4FB3ABB3837D}.Release|x64.Build.0 = Release|x64
		{01FE6190-542E-48C4-9F37-4FB3ABB3837D}.Release|x86.ActiveCfg = Release|Win32
		{01FE6190-542E-48C4-9F37-4FB3ABB3837D}.Release|x86.Build.0 = Release|Win32
	EndGlobalSection
	GlobalSection(SolutionProperties) = preSolution
		HideSolutionNode = FALSE
	EndGlobalSection
	GlobalSection(ExtensibilityGlobals) = postSolution
		SolutionGuid = {CC757746-7B7E-4643-95C3-22989793A4DC}
	EndGlobalSection
EndGlobal
