
Microsoft Visual Studio Solution File, Format Version 12.00
# Visual Studio Version 16
VisualStudioVersion = 16.0.30011.22
MinimumVisualStudioVersion = 10.0.40219.1
Project("{8BC9CEB8-8B4A-11D0-8D11-00A0C91BC942}") = "004_4-4_001_Queen", "004_4-4_001_Queen\004_4-4_001_Queen.vcxproj", "{3484D602-BD00-4790-B8C1-52E6CD968E25}"
EndProject
Global
	GlobalSection(SolutionConfigurationPlatforms) = preSolution
		Debug|x64 = Debug|x64
		Debug|x86 = Debug|x86
		Release|x64 = Release|x64
		Release|x86 = Release|x86
	EndGlobalSection
	GlobalSection(ProjectConfigurationPlatforms) = postSolution
		{3484D602-BD00-4790-B8C1-52E6CD968E25}.Debug|x64.ActiveCfg = Debug|x64
		{3484D602-BD00-4790-B8C1-52E6CD968E25}.Debug|x64.Build.0 = Debug|x64
		{3484D602-BD00-4790-B8C1-52E6CD968E25}.Debug|x86.ActiveCfg = Debug|Win32
		{3484D602-BD00-4790-B8C1-52E6CD968E25}.Debug|x86.Build.0 = Debug|Win32
		{3484D602-BD00-4790-B8C1-52E6CD968E25}.Release|x64.ActiveCfg = Release|x64
		{3484D602-BD00-4790-B8C1-52E6CD968E25}.Release|x64.Build.0 = Release|x64
		{3484D602-BD00-4790-B8C1-52E6CD968E25}.Release|x86.ActiveCfg = Release|Win32
		{3484D602-BD00-4790-B8C1-52E6CD968E25}.Release|x86.Build.0 = Release|Win32
	EndGlobalSection
	GlobalSection(SolutionProperties) = preSolution
		HideSolutionNode = FALSE
	EndGlobalSection
	GlobalSection(ExtensibilityGlobals) = postSolution
		SolutionGuid = {5D46A213-DE88-42F7-ADFC-3D85A275FDDE}
	EndGlobalSection
EndGlobal
