
Microsoft Visual Studio Solution File, Format Version 12.00
# Visual Studio Version 16
VisualStudioVersion = 16.0.30011.22
MinimumVisualStudioVersion = 10.0.40219.1
Project("{8BC9CEB8-8B4A-11D0-8D11-00A0C91BC942}") = "Temperature_10", "Temperature_10\Temperature_10.vcxproj", "{A3151057-7DA5-4CFF-B87D-956376E475AB}"
EndProject
Global
	GlobalSection(SolutionConfigurationPlatforms) = preSolution
		Debug|x64 = Debug|x64
		Debug|x86 = Debug|x86
		Release|x64 = Release|x64
		Release|x86 = Release|x86
	EndGlobalSection
	GlobalSection(ProjectConfigurationPlatforms) = postSolution
		{A3151057-7DA5-4CFF-B87D-956376E475AB}.Debug|x64.ActiveCfg = Debug|x64
		{A3151057-7DA5-4CFF-B87D-956376E475AB}.Debug|x64.Build.0 = Debug|x64
		{A3151057-7DA5-4CFF-B87D-956376E475AB}.Debug|x86.ActiveCfg = Debug|Win32
		{A3151057-7DA5-4CFF-B87D-956376E475AB}.Debug|x86.Build.0 = Debug|Win32
		{A3151057-7DA5-4CFF-B87D-956376E475AB}.Release|x64.ActiveCfg = Release|x64
		{A3151057-7DA5-4CFF-B87D-956376E475AB}.Release|x64.Build.0 = Release|x64
		{A3151057-7DA5-4CFF-B87D-956376E475AB}.Release|x86.ActiveCfg = Release|Win32
		{A3151057-7DA5-4CFF-B87D-956376E475AB}.Release|x86.Build.0 = Release|Win32
	EndGlobalSection
	GlobalSection(SolutionProperties) = preSolution
		HideSolutionNode = FALSE
	EndGlobalSection
	GlobalSection(ExtensibilityGlobals) = postSolution
		SolutionGuid = {175D5BFE-1340-48E8-BF1B-99A683547B8B}
	EndGlobalSection
EndGlobal
